PODS:
  - Flutter (1.0.0)
  - sora_flutter_sdk (0.0.1):
    - Flutter

DEPENDENCIES:
  - Flutter (from `Flutter`)
  - sora_flutter_sdk (from `.symlinks/plugins/sora_flutter_sdk/ios`)

EXTERNAL SOURCES:
  Flutter:
    :path: Flutter
  sora_flutter_sdk:
    :path: ".symlinks/plugins/sora_flutter_sdk/ios"

SPEC CHECKSUMS:
  Flutter: f04841e97a9d0b0a8025694d0796dd46242b2854
  sora_flutter_sdk: 763067184583b2a616577f791c1efdbbb0e29431

PODFILE CHECKSUM: d2243213672c3c48aae53c36642ba411a6be7309

COCOAPODS: 1.11.3
