PODS:
  - Flutter (1.0.0)
  - integration_test (0.0.1):
    - Flutter
  - path_provider_foundation (0.0.1):
    - Flutter
    - FlutterMacOS
  - sora_flutter_sdk (2022.1.0-canary.11):
    - Flutter

DEPENDENCIES:
  - Flutter (from `Flutter`)
  - integration_test (from `.symlinks/plugins/integration_test/ios`)
  - path_provider_foundation (from `.symlinks/plugins/path_provider_foundation/ios`)
  - sora_flutter_sdk (from `.symlinks/plugins/sora_flutter_sdk/ios`)

EXTERNAL SOURCES:
  Flutter:
    :path: Flutter
  integration_test:
    :path: ".symlinks/plugins/integration_test/ios"
  path_provider_foundation:
    :path: ".symlinks/plugins/path_provider_foundation/ios"
  sora_flutter_sdk:
    :path: ".symlinks/plugins/sora_flutter_sdk/ios"

SPEC CHECKSUMS:
  Flutter: f04841e97a9d0b0a8025694d0796dd46242b2854
  integration_test: a1e7d09bd98eca2fc37aefd79d4f41ad37bdbbe5
  path_provider_foundation: c68054786f1b4f3343858c1e1d0caaded73f0be9
  sora_flutter_sdk: 5cc165c8113c39ce18aa5c2c194b22a50d855f5a

PODFILE CHECKSUM: 4f87bb8325de2573a6c23251c840c5560cb69a44

COCOAPODS: 1.11.3
